<?xml version="1.0" encoding="UTF-8"?>
<!DOCTYPE plist PUBLIC "-//Apple//DTD PLIST 1.0//EN" "http://www.apple.com/DTDs/PropertyList-1.0.dtd">
<plist version="1.0">
<dict>
	<key>archiveVersion</key>
	<string>1</string>
	<key>classes</key>
	<dict/>
	<key>objectVersion</key>
	<string>46</string>
	<key>objects</key>
	<dict>
		<key>0134BC20AB1D1094591EF140</key>
		<dict>
			<key>fileEncoding</key>
			<string>4</string>
			<key>isa</key>
			<string>PBXFileReference</string>
			<key>lastKnownFileType</key>
			<string>wrapper.framework</string>
			<key>name</key>
			<string>ImageIO.framework</string>
			<key>path</key>
			<string>System/Library/Frameworks/ImageIO.framework</string>
			<key>sourceTree</key>
			<string>SDKROOT</string>
		</dict>
		<key>0566D7E6780F7FD787B3B790</key>
		<dict>
			<key>fileRef</key>
			<string>96E2DB0CE3F87FFE25DBF7B1</string>
			<key>isa</key>
			<string>PBXBuildFile</string>
		</dict>
		<key>07B0A34A46A591A0502DB0B1</key>
		<dict>
			<key>fileRef</key>
			<string>5BE5AD66FD991B70FEBC6361</string>
			<key>isa</key>
			<string>PBXBuildFile</string>
		</dict>
		<key>07B9DEF61E02505BAEC44F08</key>
		<dict>
			<key>fileEncoding</key>
			<string>4</string>
			<key>isa</key>
			<string>PBXFileReference</string>
			<key>lastKnownFileType</key>
			<string>wrapper.framework</string>
			<key>name</key>
			<string>SystemConfiguration.framework</string>
			<key>path</key>
			<string>System/Library/Frameworks/SystemConfiguration.framework</string>
			<key>sourceTree</key>
			<string>SDKROOT</string>
		</dict>
		<key>0A8012F59FD2E7FFAB7743AE</key>
		<dict>
			<key>fileEncoding</key>
			<string>4</string>
			<key>isa</key>
			<string>PBXFileReference</string>
			<key>lastKnownFileType</key>
			<string>wrapper.framework</string>
			<key>name</key>
			<string>MobileCoreServices.framework</string>
			<key>path</key>
			<string>System/Library/Frameworks/MobileCoreServices.framework</string>
			<key>sourceTree</key>
			<string>SDKROOT</string>
		</dict>
		<key>114572C8963860BF22E0CC1D</key>
		<dict>
			<key>fileRef</key>
			<string>BAE2B5E86AB0D44925EC5880</string>
			<key>isa</key>
			<string>PBXBuildFile</string>
		</dict>
		<key>16A0F9F768B4C34AA80A0768</key>
		<dict>
			<key>fileRef</key>
			<string>A8C1EF462518F070CEF65B44</string>
			<key>isa</key>
			<string>PBXBuildFile</string>
		</dict>
		<key>27CB793F88956D9126C7B521</key>
		<dict>
			<key>fileRef</key>
			<string>E409A04FD747647580DD2C62</string>
			<key>isa</key>
			<string>PBXBuildFile</string>
		</dict>
		<key>3366DBB2E905BDA29B4725FD</key>
		<dict>
			<key>fileRef</key>
			<string>64136C811F29B9418C366AEE</string>
			<key>isa</key>
			<string>PBXBuildFile</string>
		</dict>
		<key>3AA3A905BDB99A8F227B84FE</key>
		<dict>
			<key>fileRef</key>
			<string>F93C31200E68CDEF975B55FA</string>
			<key>isa</key>
			<string>PBXBuildFile</string>
		</dict>
		<key>3C571FE01A85EB9200656C07</key>
		<dict>
			<key>isa</key>
			<string>PBXFileReference</string>
			<key>lastKnownFileType</key>
			<string>sourcecode.c.h</string>
			<key>path</key>
			<string>EUExSegmentControl.h</string>
			<key>sourceTree</key>
			<string>&lt;group&gt;</string>
		</dict>
		<key>3CDA84E51A806ED3001B6539</key>
		<dict>
			<key>children</key>
			<array>
				<string>3CDA84F01A806ED3001B6539</string>
			</array>
			<key>isa</key>
			<string>PBXGroup</string>
			<key>path</key>
			<string>sourceCode</string>
			<key>sourceTree</key>
			<string>&lt;group&gt;</string>
		</dict>
		<key>3CDA84F01A806ED3001B6539</key>
		<dict>
			<key>children</key>
			<array>
				<string>3CDA84F11A806ED3001B6539</string>
				<string>3CDA84F21A806ED3001B6539</string>
				<string>3CDA84F31A806ED3001B6539</string>
				<string>3CDA84F41A806ED3001B6539</string>
				<string>3CDA84F51A806ED3001B6539</string>
				<string>3CDA84F61A806ED3001B6539</string>
				<string>3CDA84F71A806ED3001B6539</string>
				<string>3CDA84F81A806ED3001B6539</string>
				<string>3CDA84FB1A806ED3001B6539</string>
				<string>3CDA84FC1A806ED3001B6539</string>
			</array>
			<key>isa</key>
			<string>PBXGroup</string>
			<key>path</key>
			<string>Views</string>
			<key>sourceTree</key>
			<string>&lt;group&gt;</string>
		</dict>
		<key>3CDA84F11A806ED3001B6539</key>
		<dict>
			<key>fileEncoding</key>
			<string>4</string>
			<key>isa</key>
			<string>PBXFileReference</string>
			<key>lastKnownFileType</key>
			<string>sourcecode.c.h</string>
			<key>path</key>
			<string>BYConditionBar.h</string>
			<key>sourceTree</key>
			<string>&lt;group&gt;</string>
		</dict>
		<key>3CDA84F21A806ED3001B6539</key>
		<dict>
			<key>fileEncoding</key>
			<string>4</string>
			<key>isa</key>
			<string>PBXFileReference</string>
			<key>lastKnownFileType</key>
			<string>sourcecode.c.objc</string>
			<key>path</key>
			<string>BYConditionBar.m</string>
			<key>sourceTree</key>
			<string>&lt;group&gt;</string>
		</dict>
		<key>3CDA84F31A806ED3001B6539</key>
		<dict>
			<key>fileEncoding</key>
			<string>4</string>
			<key>isa</key>
			<string>PBXFileReference</string>
			<key>lastKnownFileType</key>
			<string>sourcecode.c.h</string>
			<key>path</key>
			<string>BYSelectionDetails.h</string>
			<key>sourceTree</key>
			<string>&lt;group&gt;</string>
		</dict>
		<key>3CDA84F41A806ED3001B6539</key>
		<dict>
			<key>fileEncoding</key>
			<string>4</string>
			<key>isa</key>
			<string>PBXFileReference</string>
			<key>lastKnownFileType</key>
			<string>sourcecode.c.objc</string>
			<key>path</key>
			<string>BYSelectionDetails.m</string>
			<key>sourceTree</key>
			<string>&lt;group&gt;</string>
		</dict>
		<key>3CDA84F51A806ED3001B6539</key>
		<dict>
			<key>fileEncoding</key>
			<string>4</string>
			<key>isa</key>
			<string>PBXFileReference</string>
			<key>lastKnownFileType</key>
			<string>sourcecode.c.h</string>
			<key>path</key>
			<string>BYSelectionView.h</string>
			<key>sourceTree</key>
			<string>&lt;group&gt;</string>
		</dict>
		<key>3CDA84F61A806ED3001B6539</key>
		<dict>
			<key>fileEncoding</key>
			<string>4</string>
			<key>isa</key>
			<string>PBXFileReference</string>
			<key>lastKnownFileType</key>
			<string>sourcecode.c.objc</string>
			<key>path</key>
			<string>BYSelectionView.m</string>
			<key>sourceTree</key>
			<string>&lt;group&gt;</string>
		</dict>
		<key>3CDA84F71A806ED3001B6539</key>
		<dict>
			<key>fileEncoding</key>
			<string>4</string>
			<key>isa</key>
			<string>PBXFileReference</string>
			<key>lastKnownFileType</key>
			<string>sourcecode.c.h</string>
			<key>path</key>
			<string>BYSelectNewBar.h</string>
			<key>sourceTree</key>
			<string>&lt;group&gt;</string>
		</dict>
		<key>3CDA84F81A806ED3001B6539</key>
		<dict>
			<key>fileEncoding</key>
			<string>4</string>
			<key>isa</key>
			<string>PBXFileReference</string>
			<key>lastKnownFileType</key>
			<string>sourcecode.c.objc</string>
			<key>path</key>
			<string>BYSelectNewBar.m</string>
			<key>sourceTree</key>
			<string>&lt;group&gt;</string>
		</dict>
		<key>3CDA84FB1A806ED3001B6539</key>
		<dict>
			<key>fileEncoding</key>
			<string>4</string>
			<key>isa</key>
			<string>PBXFileReference</string>
			<key>lastKnownFileType</key>
			<string>sourcecode.c.h</string>
			<key>path</key>
			<string>SelectionButton.h</string>
			<key>sourceTree</key>
			<string>&lt;group&gt;</string>
		</dict>
		<key>3CDA84FC1A806ED3001B6539</key>
		<dict>
			<key>fileEncoding</key>
			<string>4</string>
			<key>isa</key>
			<string>PBXFileReference</string>
			<key>lastKnownFileType</key>
			<string>sourcecode.c.objc</string>
			<key>path</key>
			<string>SelectionButton.m</string>
			<key>sourceTree</key>
			<string>&lt;group&gt;</string>
		</dict>
		<key>3CDA84FD1A806ED3001B6539</key>
		<dict>
			<key>fileRef</key>
			<string>3CDA84F21A806ED3001B6539</string>
			<key>isa</key>
			<string>PBXBuildFile</string>
		</dict>
		<key>3CDA84FE1A806ED3001B6539</key>
		<dict>
			<key>fileRef</key>
			<string>3CDA84F41A806ED3001B6539</string>
			<key>isa</key>
			<string>PBXBuildFile</string>
		</dict>
		<key>3CDA84FF1A806ED3001B6539</key>
		<dict>
			<key>fileRef</key>
			<string>3CDA84F61A806ED3001B6539</string>
			<key>isa</key>
			<string>PBXBuildFile</string>
		</dict>
		<key>3CDA85001A806ED3001B6539</key>
		<dict>
			<key>fileRef</key>
			<string>3CDA84F81A806ED3001B6539</string>
			<key>isa</key>
			<string>PBXBuildFile</string>
		</dict>
		<key>3CDA85011A806ED3001B6539</key>
		<dict>
			<key>fileRef</key>
			<string>3CDA84FC1A806ED3001B6539</string>
			<key>isa</key>
			<string>PBXBuildFile</string>
		</dict>
		<key>3CF52F981A7F0946008F29C1</key>
		<dict>
			<key>children</key>
			<array>
				<string>3CF52FA61A7F0946008F29C1</string>
				<string>3CF52FA31A7F0946008F29C1</string>
				<string>E46C3D70D4EBDC4DEA0782D8</string>
				<string>79E5F1DE6DFA23678DAE463A</string>
				<string>3CF52FA21A7F0946008F29C1</string>
			</array>
			<key>isa</key>
			<string>PBXGroup</string>
			<key>sourceTree</key>
			<string>&lt;group&gt;</string>
		</dict>
		<key>3CF52F991A7F0946008F29C1</key>
		<dict>
			<key>attributes</key>
			<dict>
				<key>LastUpgradeCheck</key>
				<string>0510</string>
				<key>ORGANIZATIONNAME</key>
				<string>zhijian du</string>
			</dict>
			<key>buildConfigurationList</key>
			<string>3CF52F9C1A7F0946008F29C1</string>
			<key>compatibilityVersion</key>
			<string>Xcode 3.2</string>
			<key>developmentRegion</key>
			<string>English</string>
			<key>hasScannedForEncodings</key>
			<string>0</string>
			<key>isa</key>
			<string>PBXProject</string>
			<key>knownRegions</key>
			<array>
				<string>en</string>
			</array>
			<key>mainGroup</key>
			<string>3CF52F981A7F0946008F29C1</string>
			<key>productRefGroup</key>
			<string>3CF52FA21A7F0946008F29C1</string>
			<key>projectDirPath</key>
			<string></string>
			<key>projectRoot</key>
			<string></string>
			<key>targets</key>
			<array>
				<string>3CF52FA01A7F0946008F29C1</string>
			</array>
		</dict>
		<key>3CF52F9C1A7F0946008F29C1</key>
		<dict>
			<key>buildConfigurations</key>
			<array>
				<string>3CF52FC21A7F0947008F29C1</string>
				<string>3CF52FC31A7F0947008F29C1</string>
			</array>
			<key>defaultConfigurationIsVisible</key>
			<string>0</string>
			<key>defaultConfigurationName</key>
			<string>Release</string>
			<key>isa</key>
			<string>XCConfigurationList</string>
		</dict>
		<key>3CF52F9D1A7F0946008F29C1</key>
		<dict>
			<key>buildActionMask</key>
			<string>2147483647</string>
			<key>files</key>
			<array>
				<string>3CDA85011A806ED3001B6539</string>
				<string>3CDA84FF1A806ED3001B6539</string>
				<string>3CDA84FD1A806ED3001B6539</string>
				<string>3CF52FAC1A7F0946008F29C1</string>
				<string>3CDA84FE1A806ED3001B6539</string>
				<string>3CDA85001A806ED3001B6539</string>
			</array>
			<key>isa</key>
			<string>PBXSourcesBuildPhase</string>
			<key>runOnlyForDeploymentPostprocessing</key>
			<string>0</string>
		</dict>
		<key>3CF52F9E1A7F0946008F29C1</key>
		<dict>
			<key>buildActionMask</key>
			<string>2147483647</string>
			<key>files</key>
			<array>
				<string>3CF52FA51A7F0946008F29C1</string>
				<string>A74DA323C348871CC73941ED</string>
				<string>3366DBB2E905BDA29B4725FD</string>
				<string>978AB22919F941D8F4D1F93B</string>
				<string>751A056A6D212F6EA35D2C97</string>
				<string>16A0F9F768B4C34AA80A0768</string>
				<string>E54E69508348C339029CF03F</string>
				<string>27CB793F88956D9126C7B521</string>
				<string>114572C8963860BF22E0CC1D</string>
				<string>8DAA61B8581E3020F3E0E9A7</string>
				<string>E7C048509BEC4FD12941C684</string>
				<string>5D803A6E685E5D3FEED73E06</string>
				<string>9A32EA5963544E5DA6C0C981</string>
				<string>3AA3A905BDB99A8F227B84FE</string>
				<string>DB654DADA53E8552C064400B</string>
				<string>0566D7E6780F7FD787B3B790</string>
				<string>CA357A2686008CC8E478A416</string>
				<string>07B0A34A46A591A0502DB0B1</string>
				<string>7BCE3ED2A830B2BF16DCE74D</string>
				<string>B95B4B5F2230D6BE77396939</string>
			</array>
			<key>isa</key>
			<string>PBXFrameworksBuildPhase</string>
			<key>runOnlyForDeploymentPostprocessing</key>
			<string>0</string>
		</dict>
		<key>3CF52F9F1A7F0946008F29C1</key>
		<dict>
			<key>buildActionMask</key>
			<string>2147483647</string>
			<key>dstPath</key>
			<string>include/$(PRODUCT_NAME)</string>
			<key>dstSubfolderSpec</key>
			<string>16</string>
			<key>files</key>
			<array/>
			<key>isa</key>
			<string>PBXCopyFilesBuildPhase</string>
			<key>runOnlyForDeploymentPostprocessing</key>
			<string>0</string>
		</dict>
		<key>3CF52FA01A7F0946008F29C1</key>
		<dict>
			<key>buildConfigurationList</key>
			<string>3CF52FC41A7F0947008F29C1</string>
			<key>buildPhases</key>
			<array>
				<string>3CF52F9D1A7F0946008F29C1</string>
				<string>3CF52F9E1A7F0946008F29C1</string>
			</array>
			<key>buildRules</key>
			<array/>
			<key>dependencies</key>
			<array/>
			<key>isa</key>
			<string>PBXNativeTarget</string>
			<key>name</key>
			<string>EUExSegmentControl</string>
			<key>productName</key>
			<string>EUExSegmentControl</string>
			<key>productReference</key>
			<string>3CF52FA11A7F0946008F29C1</string>
			<key>productType</key>
			<string>com.apple.product-type.framework</string>
		</dict>
		<key>3CF52FA11A7F0946008F29C1</key>
		<dict>
			<key>explicitFileType</key>
			<string>archive.ar</string>
			<key>includeInIndex</key>
			<string>0</string>
			<key>isa</key>
			<string>PBXFileReference</string>
			<key>name</key>
			<string>uexSegmentControl.framework</string>
			<key>path</key>
			<string>uexSegmentControl.framework</string>
			<key>sourceTree</key>
			<string>BUILT_PRODUCTS_DIR</string>
		</dict>
		<key>3CF52FA21A7F0946008F29C1</key>
		<dict>
			<key>children</key>
			<array>
				<string>3CF52FA11A7F0946008F29C1</string>
			</array>
			<key>isa</key>
			<string>PBXGroup</string>
			<key>name</key>
			<string>Products</string>
			<key>sourceTree</key>
			<string>&lt;group&gt;</string>
		</dict>
		<key>3CF52FA31A7F0946008F29C1</key>
		<dict>
			<key>children</key>
			<array>
				<string>3CF52FA41A7F0946008F29C1</string>
				<string>3CF52FB21A7F0946008F29C1</string>
				<string>3CF52FB51A7F0946008F29C1</string>
			</array>
			<key>isa</key>
			<string>PBXGroup</string>
			<key>name</key>
			<string>Frameworks</string>
			<key>sourceTree</key>
			<string>&lt;group&gt;</string>
		</dict>
		<key>3CF52FA41A7F0946008F29C1</key>
		<dict>
			<key>isa</key>
			<string>PBXFileReference</string>
			<key>lastKnownFileType</key>
			<string>wrapper.framework</string>
			<key>name</key>
			<string>Foundation.framework</string>
			<key>path</key>
			<string>System/Library/Frameworks/Foundation.framework</string>
			<key>sourceTree</key>
			<string>SDKROOT</string>
		</dict>
		<key>3CF52FA51A7F0946008F29C1</key>
		<dict>
			<key>fileRef</key>
			<string>3CF52FA41A7F0946008F29C1</string>
			<key>isa</key>
			<string>PBXBuildFile</string>
		</dict>
		<key>3CF52FA61A7F0946008F29C1</key>
		<dict>
			<key>children</key>
			<array>
				<string>42F36B111D24C02F00EC1F36</string>
				<string>3C571FE01A85EB9200656C07</string>
				<string>3CF52FAB1A7F0946008F29C1</string>
				<string>3CDA84E51A806ED3001B6539</string>
				<string>3CF52FFF1A7F170E008F29C1</string>
				<string>3CF52FA71A7F0946008F29C1</string>
			</array>
			<key>isa</key>
			<string>PBXGroup</string>
			<key>path</key>
			<string>EUExSegmentControl</string>
			<key>sourceTree</key>
			<string>&lt;group&gt;</string>
		</dict>
		<key>3CF52FA71A7F0946008F29C1</key>
		<dict>
			<key>children</key>
			<array>
				<string>3CF52FA81A7F0946008F29C1</string>
			</array>
			<key>isa</key>
			<string>PBXGroup</string>
			<key>name</key>
			<string>Supporting Files</string>
			<key>sourceTree</key>
			<string>&lt;group&gt;</string>
		</dict>
		<key>3CF52FA81A7F0946008F29C1</key>
		<dict>
			<key>isa</key>
			<string>PBXFileReference</string>
			<key>lastKnownFileType</key>
			<string>sourcecode.c.h</string>
			<key>path</key>
			<string>EUExSegmentControl-Prefix.pch</string>
			<key>sourceTree</key>
			<string>&lt;group&gt;</string>
		</dict>
		<key>3CF52FAB1A7F0946008F29C1</key>
		<dict>
			<key>isa</key>
			<string>PBXFileReference</string>
			<key>lastKnownFileType</key>
			<string>sourcecode.c.objc</string>
			<key>path</key>
			<string>EUExSegmentControl.m</string>
			<key>sourceTree</key>
			<string>&lt;group&gt;</string>
		</dict>
		<key>3CF52FAC1A7F0946008F29C1</key>
		<dict>
			<key>fileRef</key>
			<string>3CF52FAB1A7F0946008F29C1</string>
			<key>isa</key>
			<string>PBXBuildFile</string>
		</dict>
		<key>3CF52FB21A7F0946008F29C1</key>
		<dict>
			<key>isa</key>
			<string>PBXFileReference</string>
			<key>lastKnownFileType</key>
			<string>wrapper.framework</string>
			<key>name</key>
			<string>XCTest.framework</string>
			<key>path</key>
			<string>Library/Frameworks/XCTest.framework</string>
			<key>sourceTree</key>
			<string>DEVELOPER_DIR</string>
		</dict>
		<key>3CF52FB51A7F0946008F29C1</key>
		<dict>
			<key>isa</key>
			<string>PBXFileReference</string>
			<key>lastKnownFileType</key>
			<string>wrapper.framework</string>
			<key>name</key>
			<string>UIKit.framework</string>
			<key>path</key>
			<string>Library/Frameworks/UIKit.framework</string>
			<key>sourceTree</key>
			<string>DEVELOPER_DIR</string>
		</dict>
		<key>3CF52FC21A7F0947008F29C1</key>
		<dict>
			<key>buildSettings</key>
			<dict>
				<key>ALWAYS_SEARCH_USER_PATHS</key>
				<string>NO</string>
				<key>CLANG_CXX_LANGUAGE_STANDARD</key>
				<string>gnu++0x</string>
				<key>CLANG_CXX_LIBRARY</key>
				<string>libc++</string>
				<key>CLANG_ENABLE_MODULES</key>
				<string>YES</string>
				<key>CLANG_ENABLE_OBJC_ARC</key>
				<string>NO</string>
				<key>CLANG_WARN_BOOL_CONVERSION</key>
				<string>YES</string>
				<key>CLANG_WARN_CONSTANT_CONVERSION</key>
				<string>YES</string>
				<key>CLANG_WARN_DIRECT_OBJC_ISA_USAGE</key>
				<string>YES_ERROR</string>
				<key>CLANG_WARN_EMPTY_BODY</key>
				<string>YES</string>
				<key>CLANG_WARN_ENUM_CONVERSION</key>
				<string>YES</string>
				<key>CLANG_WARN_INT_CONVERSION</key>
				<string>YES</string>
				<key>CLANG_WARN_OBJC_ROOT_CLASS</key>
				<string>YES_ERROR</string>
				<key>CLANG_WARN__DUPLICATE_METHOD_MATCH</key>
				<string>YES</string>
				<key>COPY_PHASE_STRIP</key>
				<string>NO</string>
				<key>DEBUG_INFORMATION_FORMAT</key>
				<string>dwarf</string>
				<key>GCC_C_LANGUAGE_STANDARD</key>
				<string>gnu99</string>
				<key>GCC_DYNAMIC_NO_PIC</key>
				<string>NO</string>
				<key>GCC_OPTIMIZATION_LEVEL</key>
				<string>0</string>
				<key>GCC_PREPROCESSOR_DEFINITIONS</key>
				<array>
					<string>DEBUG=1</string>
					<string>$(inherited)</string>
				</array>
				<key>GCC_SYMBOLS_PRIVATE_EXTERN</key>
				<string>NO</string>
				<key>GCC_WARN_64_TO_32_BIT_CONVERSION</key>
				<string>YES</string>
				<key>GCC_WARN_ABOUT_RETURN_TYPE</key>
				<string>YES_ERROR</string>
				<key>GCC_WARN_UNDECLARED_SELECTOR</key>
				<string>YES</string>
				<key>GCC_WARN_UNINITIALIZED_AUTOS</key>
				<string>YES_AGGRESSIVE</string>
				<key>GCC_WARN_UNUSED_FUNCTION</key>
				<string>YES</string>
				<key>GCC_WARN_UNUSED_VARIABLE</key>
				<string>YES</string>
				<key>IPHONEOS_DEPLOYMENT_TARGET</key>
				<string>8.0</string>
				<key>ONLY_ACTIVE_ARCH</key>
				<string>YES</string>
				<key>SDKROOT</key>
				<string>iphoneos</string>
				<key>TARGETED_DEVICE_FAMILY</key>
				<string>1,2</string>
			</dict>
			<key>isa</key>
			<string>XCBuildConfiguration</string>
			<key>name</key>
			<string>Debug</string>
		</dict>
		<key>3CF52FC31A7F0947008F29C1</key>
		<dict>
			<key>buildSettings</key>
			<dict>
				<key>ALWAYS_SEARCH_USER_PATHS</key>
				<string>NO</string>
				<key>CLANG_CXX_LANGUAGE_STANDARD</key>
				<string>gnu++0x</string>
				<key>CLANG_CXX_LIBRARY</key>
				<string>libc++</string>
				<key>CLANG_ENABLE_MODULES</key>
				<string>YES</string>
				<key>CLANG_ENABLE_OBJC_ARC</key>
				<string>NO</string>
				<key>CLANG_WARN_BOOL_CONVERSION</key>
				<string>YES</string>
				<key>CLANG_WARN_CONSTANT_CONVERSION</key>
				<string>YES</string>
				<key>CLANG_WARN_DIRECT_OBJC_ISA_USAGE</key>
				<string>YES_ERROR</string>
				<key>CLANG_WARN_EMPTY_BODY</key>
				<string>YES</string>
				<key>CLANG_WARN_ENUM_CONVERSION</key>
				<string>YES</string>
				<key>CLANG_WARN_INT_CONVERSION</key>
				<string>YES</string>
				<key>CLANG_WARN_OBJC_ROOT_CLASS</key>
				<string>YES_ERROR</string>
				<key>CLANG_WARN__DUPLICATE_METHOD_MATCH</key>
				<string>YES</string>
				<key>COPY_PHASE_STRIP</key>
				<string>YES</string>
				<key>DEBUG_INFORMATION_FORMAT</key>
				<string>dwarf</string>
				<key>ENABLE_NS_ASSERTIONS</key>
				<string>NO</string>
				<key>GCC_C_LANGUAGE_STANDARD</key>
				<string>gnu99</string>
				<key>GCC_WARN_64_TO_32_BIT_CONVERSION</key>
				<string>YES</string>
				<key>GCC_WARN_ABOUT_RETURN_TYPE</key>
				<string>YES_ERROR</string>
				<key>GCC_WARN_UNDECLARED_SELECTOR</key>
				<string>YES</string>
				<key>GCC_WARN_UNINITIALIZED_AUTOS</key>
				<string>YES_AGGRESSIVE</string>
				<key>GCC_WARN_UNUSED_FUNCTION</key>
				<string>YES</string>
				<key>GCC_WARN_UNUSED_VARIABLE</key>
				<string>YES</string>
				<key>IPHONEOS_DEPLOYMENT_TARGET</key>
				<string>8.0</string>
				<key>SDKROOT</key>
				<string>iphoneos</string>
				<key>TARGETED_DEVICE_FAMILY</key>
				<string>1,2</string>
				<key>VALIDATE_PRODUCT</key>
				<string>YES</string>
			</dict>
			<key>isa</key>
			<string>XCBuildConfiguration</string>
			<key>name</key>
			<string>Release</string>
		</dict>
		<key>3CF52FC41A7F0947008F29C1</key>
		<dict>
			<key>buildConfigurations</key>
			<array>
				<string>3CF52FC51A7F0947008F29C1</string>
				<string>3CF52FC61A7F0947008F29C1</string>
			</array>
			<key>defaultConfigurationIsVisible</key>
			<string>0</string>
			<key>defaultConfigurationName</key>
			<string>Release</string>
			<key>isa</key>
			<string>XCConfigurationList</string>
		</dict>
		<key>3CF52FC51A7F0947008F29C1</key>
		<dict>
			<key>buildSettings</key>
			<dict>
				<key>BUNDLE_IDENTIFIER</key>
				<string>com.zywx.runner</string>
				<key>CLANG_ENABLE_OBJC_ARC</key>
				<string>YES</string>
				<key>CONFIGURATION_BUILD_DIR</key>
				<string>$(SRCROOT)/uexSegmentControl/IDE/</string>
				<key>DEBUG_INFORMATION_FORMAT</key>
				<string>dwarf</string>
				<key>DEFINES_MODULE</key>
				<string>YES</string>
				<key>DSTROOT</key>
				<string>/tmp/EUExSegmentControl.dst</string>
				<key>DYLIB_COMPATIBILITY_VERSION</key>
				<string>1</string>
				<key>DYLIB_CURRENT_VERSION</key>
				<string>1</string>
				<key>DYLIB_INSTALL_NAME_BASE</key>
				<string>@rpath</string>
				<key>ENABLE_BITCODE</key>
				<string>NO</string>
				<key>FRAMEWORK_SEARCH_PATHS</key>
				<array>
					<string>$(inherited)</string>
					<string>$(PROJECT_DIR)/EUExSegmentControl</string>
					<string>$(PROJECT_DIR)</string>
					<string>$(SRCROOT)/../../AppCanPluginTools-iOS/resource/IDEPluginProjectPackageResource</string>
				</array>
				<key>GCC_PRECOMPILE_PREFIX_HEADER</key>
				<string>YES</string>
				<key>GCC_PREFIX_HEADER</key>
				<string>$SRCROOT/EUExSegmentControl/EUExSegmentControl-Prefix.pch</string>
				<key>HEADER_SEARCH_PATHS</key>
				<array>
					<string>$(SRCROOT)/../../AppCanPluginTools-iOS/resource/IDEPluginProjectPackageResource</string>
				</array>
				<key>INFOPLIST_FILE</key>
				<string>$(SRCROOT)/../../AppCanPluginTools-iOS/resource/IDEPluginProjectPackageResource/info.plist</string>
				<key>INSTALL_PATH</key>
				<string>$(LOCAL_LIBRARY_DIR)/Frameworks</string>
				<key>IPHONEOS_DEPLOYMENT_TARGET</key>
				<string>8.0</string>
				<key>LD_RUNPATH_SEARCH_PATHS</key>
				<array>
					<string>$(inherited)</string>
					<string>@executable_path/Frameworks</string>
					<string>@executable_path</string>
					<string>@loader_path/Frameworks</string>
					<string>@loader_path</string>
				</array>
				<key>LIBRARY_SEARCH_PATHS</key>
				<array>
					<string>$(inherited)</string>
					<string>$(SRCROOT)/../../AppCanPluginTools-iOS/resource/IDEPluginProjectPackageResource</string>
				</array>
				<key>ONLY_ACTIVE_ARCH</key>
				<string>NO</string>
				<key>OTHER_LDFLAGS</key>
				<array>
					<string>-ObjC</string>
					<string>$(SRCROOT)/../../AppCanPluginTools-iOS/resource/IDEPluginProjectPackageResource/AppCanKit.framework/AppCanKit</string>
				</array>
				<key>PRODUCT_NAME</key>
				<string>uexSegmentControl</string>
				<key>PROVISIONING_PROFILE</key>
				<string>3046553f-5c0d-4f94-8f3c-dd49ce267880</string>
				<key>SKIP_INSTALL</key>
				<string>YES</string>
			</dict>
			<key>isa</key>
			<string>XCBuildConfiguration</string>
			<key>name</key>
			<string>Debug</string>
		</dict>
		<key>3CF52FC61A7F0947008F29C1</key>
		<dict>
			<key>buildSettings</key>
			<dict>
				<key>BUNDLE_IDENTIFIER</key>
				<string>com.zywx.runner</string>
				<key>CLANG_ENABLE_OBJC_ARC</key>
				<string>YES</string>
				<key>CONFIGURATION_BUILD_DIR</key>
				<string>$(SRCROOT)/uexSegmentControl/IDE/</string>
				<key>DEBUG_INFORMATION_FORMAT</key>
				<string>dwarf</string>
				<key>DEFINES_MODULE</key>
				<string>YES</string>
				<key>DSTROOT</key>
				<string>/tmp/EUExSegmentControl.dst</string>
				<key>DYLIB_COMPATIBILITY_VERSION</key>
				<string>1</string>
				<key>DYLIB_CURRENT_VERSION</key>
				<string>1</string>
				<key>DYLIB_INSTALL_NAME_BASE</key>
				<string>@rpath</string>
				<key>ENABLE_BITCODE</key>
				<string>NO</string>
				<key>FRAMEWORK_SEARCH_PATHS</key>
				<array>
					<string>$(inherited)</string>
					<string>$(PROJECT_DIR)/EUExSegmentControl</string>
					<string>$(PROJECT_DIR)</string>
					<string>$(SRCROOT)/../../AppCanPluginTools-iOS/resource/IDEPluginProjectPackageResource</string>
				</array>
				<key>GCC_PRECOMPILE_PREFIX_HEADER</key>
				<string>YES</string>
				<key>GCC_PREFIX_HEADER</key>
				<string>$SRCROOT/EUExSegmentControl/EUExSegmentControl-Prefix.pch</string>
				<key>HEADER_SEARCH_PATHS</key>
				<array>
					<string>$(SRCROOT)/../../AppCanPluginTools-iOS/resource/IDEPluginProjectPackageResource</string>
				</array>
				<key>INFOPLIST_FILE</key>
				<string>$(SRCROOT)/../../AppCanPluginTools-iOS/resource/IDEPluginProjectPackageResource/info.plist</string>
				<key>INSTALL_PATH</key>
				<string>$(LOCAL_LIBRARY_DIR)/Frameworks</string>
				<key>IPHONEOS_DEPLOYMENT_TARGET</key>
				<string>8.0</string>
				<key>LD_RUNPATH_SEARCH_PATHS</key>
				<array>
					<string>$(inherited)</string>
					<string>@executable_path/Frameworks</string>
					<string>@executable_path</string>
					<string>@loader_path/Frameworks</string>
					<string>@loader_path</string>
				</array>
				<key>LIBRARY_SEARCH_PATHS</key>
				<array>
					<string>$(inherited)</string>
					<string>$(SRCROOT)/../../AppCanPluginTools-iOS/resource/IDEPluginProjectPackageResource</string>
				</array>
				<key>OTHER_LDFLAGS</key>
				<array>
					<string>-ObjC</string>
					<string>$(SRCROOT)/../../AppCanPluginTools-iOS/resource/IDEPluginProjectPackageResource/AppCanKit.framework/AppCanKit</string>
				</array>
				<key>PRODUCT_NAME</key>
				<string>uexSegmentControl</string>
				<key>PROVISIONING_PROFILE</key>
				<string>3046553f-5c0d-4f94-8f3c-dd49ce267880</string>
				<key>SKIP_INSTALL</key>
				<string>YES</string>
			</dict>
			<key>isa</key>
			<string>XCBuildConfiguration</string>
			<key>name</key>
			<string>Release</string>
		</dict>
		<key>3CF52FFF1A7F170E008F29C1</key>
		<dict>
			<key>isa</key>
			<string>PBXFileReference</string>
			<key>lastKnownFileType</key>
			<string>sourcecode.c.h</string>
			<key>path</key>
			<string>DY.h</string>
			<key>sourceTree</key>
			<string>&lt;group&gt;</string>
		</dict>
		<key>3EE737611D47215F089259AF</key>
		<dict>
			<key>fileEncoding</key>
			<string>4</string>
			<key>isa</key>
			<string>PBXFileReference</string>
			<key>lastKnownFileType</key>
			<string>text.plist.strings</string>
			<key>name</key>
			<string>info.plist</string>
			<key>path</key>
			<string>../../../AppCanPluginTools-iOS/resource/IDEPluginProjectPackageResource/info.plist</string>
			<key>sourceTree</key>
			<string>&lt;group&gt;</string>
		</dict>
		<key>42F36B121D24C02F00EC1F36</key>
		<dict>
			<key>fileRef</key>
			<string>42F36B111D24C02F00EC1F36</string>
			<key>isa</key>
			<string>PBXBuildFile</string>
		</dict>
		<key>5BE5AD66FD991B70FEBC6361</key>
		<dict>
			<key>fileEncoding</key>
			<string>4</string>
			<key>isa</key>
			<string>PBXFileReference</string>
			<key>lastKnownFileType</key>
			<string>archive.ar</string>
			<key>name</key>
			<string>libsqlite3.tbd</string>
			<key>path</key>
			<string>usr/lib/libsqlite3.tbd</string>
			<key>sourceTree</key>
			<string>SDKROOT</string>
		</dict>
		<key>5D4C53B1B6B4849285112BD9</key>
		<dict>
			<key>fileEncoding</key>
			<string>4</string>
			<key>isa</key>
			<string>PBXFileReference</string>
			<key>lastKnownFileType</key>
			<string>wrapper.framework</string>
			<key>name</key>
			<string>AVFoundation.framework</string>
			<key>path</key>
			<string>System/Library/Frameworks/AVFoundation.framework</string>
			<key>sourceTree</key>
			<string>SDKROOT</string>
		</dict>
		<key>5D803A6E685E5D3FEED73E06</key>
		<dict>
			<key>fileRef</key>
			<string>8BF828B0BD7702C1B5EF0397</string>
			<key>isa</key>
			<string>PBXBuildFile</string>
		</dict>
		<key>64136C811F29B9418C366AEE</key>
		<dict>
			<key>fileEncoding</key>
			<string>4</string>
			<key>isa</key>
			<string>PBXFileReference</string>
			<key>lastKnownFileType</key>
			<string>wrapper.framework</string>
			<key>name</key>
			<string>AudioToolbox.framework</string>
			<key>path</key>
			<string>System/Library/Frameworks/AudioToolbox.framework</string>
			<key>sourceTree</key>
			<string>SDKROOT</string>
		</dict>
		<key>751A056A6D212F6EA35D2C97</key>
		<dict>
			<key>fileRef</key>
			<string>0134BC20AB1D1094591EF140</string>
			<key>isa</key>
			<string>PBXBuildFile</string>
		</dict>
		<key>75EA75449F6513ABC703036D</key>
		<dict>
			<key>fileEncoding</key>
			<string>4</string>
			<key>isa</key>
			<string>PBXFileReference</string>
			<key>lastKnownFileType</key>
			<string>archive.ar</string>
			<key>name</key>
			<string>libstdc++.tbd</string>
			<key>path</key>
			<string>usr/lib/libstdc++.tbd</string>
			<key>sourceTree</key>
			<string>SDKROOT</string>
		</dict>
		<key>79E5F1DE6DFA23678DAE463A</key>
		<dict>
			<key>children</key>
			<array>
				<string>FFF740FA84DF1B1D493875AB</string>
				<string>3EE737611D47215F089259AF</string>
			</array>
			<key>isa</key>
			<string>PBXGroup</string>
			<key>path</key>
			<string>AppCanEngine</string>
			<key>sourceTree</key>
			<string>&lt;group&gt;</string>
		</dict>
		<key>7BCE3ED2A830B2BF16DCE74D</key>
		<dict>
			<key>fileRef</key>
			<string>921E83C9DFE95C74458F31FD</string>
			<key>isa</key>
			<string>PBXBuildFile</string>
		</dict>
		<key>8BF828B0BD7702C1B5EF0397</key>
		<dict>
			<key>fileEncoding</key>
			<string>4</string>
			<key>isa</key>
			<string>PBXFileReference</string>
			<key>lastKnownFileType</key>
			<string>wrapper.framework</string>
			<key>name</key>
			<string>CoreLocation.framework</string>
			<key>path</key>
			<string>System/Library/Frameworks/CoreLocation.framework</string>
			<key>sourceTree</key>
			<string>SDKROOT</string>
		</dict>
		<key>8DAA61B8581E3020F3E0E9A7</key>
		<dict>
			<key>fileRef</key>
			<string>E3B052F42DCDE7A5F8C9D326</string>
			<key>isa</key>
			<string>PBXBuildFile</string>
		</dict>
		<key>921E83C9DFE95C74458F31FD</key>
		<dict>
			<key>fileEncoding</key>
			<string>4</string>
			<key>isa</key>
			<string>PBXFileReference</string>
			<key>lastKnownFileType</key>
			<string>archive.ar</string>
			<key>name</key>
			<string>libz.tbd</string>
			<key>path</key>
			<string>usr/lib/libz.tbd</string>
			<key>sourceTree</key>
			<string>SDKROOT</string>
		</dict>
		<key>949024AC03B685EC2D46A2C8</key>
		<dict>
			<key>fileEncoding</key>
			<string>4</string>
			<key>isa</key>
			<string>PBXFileReference</string>
			<key>lastKnownFileType</key>
			<string>wrapper.framework</string>
			<key>name</key>
			<string>MapKit.framework</string>
			<key>path</key>
			<string>System/Library/Frameworks/MapKit.framework</string>
			<key>sourceTree</key>
			<string>SDKROOT</string>
		</dict>
		<key>96E2DB0CE3F87FFE25DBF7B1</key>
		<dict>
			<key>fileEncoding</key>
			<string>4</string>
			<key>isa</key>
			<string>PBXFileReference</string>
			<key>lastKnownFileType</key>
			<string>archive.ar</string>
			<key>name</key>
			<string>libc++.tbd</string>
			<key>path</key>
			<string>usr/lib/libc++.tbd</string>
			<key>sourceTree</key>
			<string>SDKROOT</string>
		</dict>
		<key>978AB22919F941D8F4D1F93B</key>
		<dict>
			<key>fileRef</key>
			<string>07B9DEF61E02505BAEC44F08</string>
			<key>isa</key>
			<string>PBXBuildFile</string>
		</dict>
		<key>9A32EA5963544E5DA6C0C981</key>
		<dict>
			<key>fileRef</key>
			<string>CD77E4809C52A6718FF74D94</string>
			<key>isa</key>
			<string>PBXBuildFile</string>
		</dict>
		<key>A74DA323C348871CC73941ED</key>
		<dict>
			<key>fileRef</key>
			<string>949024AC03B685EC2D46A2C8</string>
			<key>isa</key>
			<string>PBXBuildFile</string>
		</dict>
		<key>A8C1EF462518F070CEF65B44</key>
		<dict>
			<key>fileEncoding</key>
			<string>4</string>
			<key>isa</key>
			<string>PBXFileReference</string>
			<key>lastKnownFileType</key>
			<string>wrapper.framework</string>
			<key>name</key>
			<string>CFNetWork.framework</string>
			<key>path</key>
			<string>System/Library/Frameworks/CFNetWork.framework</string>
			<key>sourceTree</key>
			<string>SDKROOT</string>
		</dict>
		<key>B95B4B5F2230D6BE77396939</key>
		<dict>
			<key>fileRef</key>
			<string>FFF740FA84DF1B1D493875AB</string>
			<key>isa</key>
			<string>PBXBuildFile</string>
		</dict>
		<key>BAE2B5E86AB0D44925EC5880</key>
		<dict>
			<key>fileEncoding</key>
			<string>4</string>
			<key>isa</key>
			<string>PBXFileReference</string>
			<key>lastKnownFileType</key>
			<string>wrapper.framework</string>
			<key>name</key>
			<string>CoreGraphics.framework</string>
			<key>path</key>
			<string>System/Library/Frameworks/CoreGraphics.framework</string>
			<key>sourceTree</key>
			<string>SDKROOT</string>
		</dict>
		<key>C90ABFD1EE03EECF6EEF9081</key>
		<dict>
			<key>fileEncoding</key>
			<string>4</string>
			<key>isa</key>
			<string>PBXFileReference</string>
			<key>lastKnownFileType</key>
			<string>wrapper.framework</string>
			<key>name</key>
			<string>CoreImage.framework</string>
			<key>path</key>
			<string>System/Library/Frameworks/CoreImage.framework</string>
			<key>sourceTree</key>
			<string>SDKROOT</string>
		</dict>
		<key>CA357A2686008CC8E478A416</key>
		<dict>
			<key>fileRef</key>
			<string>75EA75449F6513ABC703036D</string>
			<key>isa</key>
			<string>PBXBuildFile</string>
		</dict>
		<key>CD77E4809C52A6718FF74D94</key>
		<dict>
			<key>fileEncoding</key>
			<string>4</string>
			<key>isa</key>
			<string>PBXFileReference</string>
			<key>lastKnownFileType</key>
			<string>wrapper.framework</string>
			<key>name</key>
			<string>MessageUI.framework</string>
			<key>path</key>
			<string>System/Library/Frameworks/MessageUI.framework</string>
			<key>sourceTree</key>
			<string>SDKROOT</string>
		</dict>
		<key>DB654DADA53E8552C064400B</key>
		<dict>
			<key>fileRef</key>
			<string>5D4C53B1B6B4849285112BD9</string>
			<key>isa</key>
			<string>PBXBuildFile</string>
		</dict>
		<key>E3B052F42DCDE7A5F8C9D326</key>
		<dict>
			<key>fileEncoding</key>
			<string>4</string>
			<key>isa</key>
			<string>PBXFileReference</string>
			<key>lastKnownFileType</key>
			<string>wrapper.framework</string>
			<key>name</key>
			<string>QuartzCore.framework</string>
			<key>path</key>
			<string>System/Library/Frameworks/QuartzCore.framework</string>
			<key>sourceTree</key>
			<string>SDKROOT</string>
		</dict>
		<key>E409A04FD747647580DD2C62</key>
		<dict>
			<key>fileEncoding</key>
			<string>4</string>
			<key>isa</key>
			<string>PBXFileReference</string>
			<key>lastKnownFileType</key>
			<string>wrapper.framework</string>
			<key>name</key>
			<string>UIKit.framework</string>
			<key>path</key>
			<string>System/Library/Frameworks/UIKit.framework</string>
			<key>sourceTree</key>
			<string>SDKROOT</string>
		</dict>
		<key>E46C3D70D4EBDC4DEA0782D8</key>
		<dict>
			<key>children</key>
			<array>
				<string>949024AC03B685EC2D46A2C8</string>
				<string>64136C811F29B9418C366AEE</string>
				<string>07B9DEF61E02505BAEC44F08</string>
				<string>0134BC20AB1D1094591EF140</string>
				<string>A8C1EF462518F070CEF65B44</string>
				<string>0A8012F59FD2E7FFAB7743AE</string>
				<string>E409A04FD747647580DD2C62</string>
				<string>BAE2B5E86AB0D44925EC5880</string>
				<string>E3B052F42DCDE7A5F8C9D326</string>
				<string>C90ABFD1EE03EECF6EEF9081</string>
				<string>8BF828B0BD7702C1B5EF0397</string>
				<string>CD77E4809C52A6718FF74D94</string>
				<string>F93C31200E68CDEF975B55FA</string>
				<string>5D4C53B1B6B4849285112BD9</string>
				<string>96E2DB0CE3F87FFE25DBF7B1</string>
				<string>75EA75449F6513ABC703036D</string>
				<string>5BE5AD66FD991B70FEBC6361</string>
				<string>921E83C9DFE95C74458F31FD</string>
			</array>
			<key>isa</key>
			<string>PBXGroup</string>
			<key>path</key>
			<string>IDE-Frameworks</string>
			<key>sourceTree</key>
			<string>&lt;group&gt;</string>
		</dict>
		<key>E54E69508348C339029CF03F</key>
		<dict>
			<key>fileRef</key>
			<string>0A8012F59FD2E7FFAB7743AE</string>
			<key>isa</key>
			<string>PBXBuildFile</string>
		</dict>
		<key>E7C048509BEC4FD12941C684</key>
		<dict>
			<key>fileRef</key>
			<string>C90ABFD1EE03EECF6EEF9081</string>
			<key>isa</key>
			<string>PBXBuildFile</string>
		</dict>
		<key>F93C31200E68CDEF975B55FA</key>
		<dict>
			<key>fileEncoding</key>
			<string>4</string>
			<key>isa</key>
			<string>PBXFileReference</string>
			<key>lastKnownFileType</key>
			<string>wrapper.framework</string>
			<key>name</key>
			<string>Accelerate.framework</string>
			<key>path</key>
			<string>System/Library/Frameworks/Accelerate.framework</string>
			<key>sourceTree</key>
			<string>SDKROOT</string>
		</dict>
		<key>FFF740FA84DF1B1D493875AB</key>
		<dict>
			<key>fileEncoding</key>
			<string>4</string>
			<key>isa</key>
			<string>PBXFileReference</string>
			<key>lastKnownFileType</key>
			<string>wrapper.framework</string>
			<key>name</key>
			<string>AppCanEngine.framework</string>
			<key>path</key>
			<string>../../../AppCanPluginTools-iOS/resource/IDEPluginProjectPackageResource/AppCanEngine.framework</string>
			<key>sourceTree</key>
			<string>&lt;group&gt;</string>
		</dict>
	</dict>
	<key>rootObject</key>
	<string>3CF52F991A7F0946008F29C1</string>
</dict>
</plist>
